
Microsoft Visual Studio Solution File, Format Version 12.00
# Visual Studio Version 17
VisualStudioVersion = 17.8.34330.188
MinimumVisualStudioVersion = 10.0.40219.1
Project("{FAE04EC0-301F-11D3-BF4B-00C04F79EFBC}") = "TxtCvsConvert", "TxtCvsConvert\TxtCvsConvert.csproj", "{94620D68-7FF5-46EA-912D-8D72F46151A2}"
EndProject
Global
	GlobalSection(SolutionConfigurationPlatforms) = preSolution
		Debug|Any CPU = Debug|Any CPU
		Release|Any CPU = Release|Any CPU
	EndGlobalSection
	GlobalSection(ProjectConfigurationPlatforms) = postSolution
		{94620D68-7FF5-46EA-912D-8D72F46151A2}.Debug|Any CPU.ActiveCfg = Debug|Any CPU
		{94620D68-7FF5-46EA-912D-8D72F46151A2}.Debug|Any CPU.Build.0 = Debug|Any CPU
		{94620D68-7FF5-46EA-912D-8D72F46151A2}.Release|Any CPU.ActiveCfg = Release|Any CPU
		{94620D68-7FF5-46EA-912D-8D72F46151A2}.Release|Any CPU.Build.0 = Release|Any CPU
	EndGlobalSection
	GlobalSection(SolutionProperties) = preSolution
		HideSolutionNode = FALSE
	EndGlobalSection
	GlobalSection(ExtensibilityGlobals) = postSolution
		SolutionGuid = {4C7ED7D8-B63F-4637-B949-202AD01625C9}
	EndGlobalSection
EndGlobal
